
Microsoft Visual Studio Solution File, Format Version 12.00
# Visual Studio Version 16
VisualStudioVersion = 16.0.33801.447
MinimumVisualStudioVersion = 10.0.40219.1
Project("{FAE04EC0-301F-11D3-BF4B-00C04F79EFBC}") = "SelfAspNet", "SelfAspNet\SelfAspNet.csproj", "{C1B69A4B-0E13-47F5-9364-451E555938B2}"
EndProject
Global
	GlobalSection(SolutionConfigurationPlatforms) = preSolution
		Debug|Any CPU = Debug|Any CPU
		Release|Any CPU = Release|Any CPU
	EndGlobalSection
	GlobalSection(ProjectConfigurationPlatforms) = postSolution
		{C1B69A4B-0E13-47F5-9364-451E555938B2}.Debug|Any CPU.ActiveCfg = Debug|Any CPU
		{C1B69A4B-0E13-47F5-9364-451E555938B2}.Debug|Any CPU.Build.0 = Debug|Any CPU
		{C1B69A4B-0E13-47F5-9364-451E555938B2}.Release|Any CPU.ActiveCfg = Release|Any CPU
		{C1B69A4B-0E13-47F5-9364-451E555938B2}.Release|Any CPU.Build.0 = Release|Any CPU
	EndGlobalSection
	GlobalSection(SolutionProperties) = preSolution
		HideSolutionNode = FALSE
	EndGlobalSection
	GlobalSection(ExtensibilityGlobals) = postSolution
		SolutionGuid = {C9BF321C-C583-42D4-9E3C-AC8C3AD3CCFA}
	EndGlobalSection
EndGlobal
